
Microsoft Visual Studio Solution File, Format Version 12.00
# Visual Studio Version 16
VisualStudioVersion = 16.0.29609.76
MinimumVisualStudioVersion = 10.0.40219.1
Project("{FAE04EC0-301F-11D3-BF4B-00C04F79EFBC}") = "MyCalculLib", "MyCalculLib\MyCalculLib.csproj", "{6B7F63FF-04ED-4F50-AD83-79A8F0E0CC50}"
EndProject
Project("{FAE04EC0-301F-11D3-BF4B-00C04F79EFBC}") = "MyCalculLib.Tests", "MyCalculLib.Tests\MyCalculLib.Tests.csproj", "{FF1E794C-CCB0-4EF2-B236-080C6D5646AB}"
EndProject
Global
	GlobalSection(SolutionConfigurationPlatforms) = preSolution
		Debug|Any CPU = Debug|Any CPU
		Release|Any CPU = Release|Any CPU
	EndGlobalSection
	GlobalSection(ProjectConfigurationPlatforms) = postSolution
		{6B7F63FF-04ED-4F50-AD83-79A8F0E0CC50}.Debug|Any CPU.ActiveCfg = Debug|Any CPU
		{6B7F63FF-04ED-4F50-AD83-79A8F0E0CC50}.Debug|Any CPU.Build.0 = Debug|Any CPU
		{6B7F63FF-04ED-4F50-AD83-79A8F0E0CC50}.Release|Any CPU.ActiveCfg = Release|Any CPU
		{6B7F63FF-04ED-4F50-AD83-79A8F0E0CC50}.Release|Any CPU.Build.0 = Release|Any CPU
		{FF1E794C-CCB0-4EF2-B236-080C6D5646AB}.Debug|Any CPU.ActiveCfg = Debug|Any CPU
		{FF1E794C-CCB0-4EF2-B236-080C6D5646AB}.Debug|Any CPU.Build.0 = Debug|Any CPU
		{FF1E794C-CCB0-4EF2-B236-080C6D5646AB}.Release|Any CPU.ActiveCfg = Release|Any CPU
		{FF1E794C-CCB0-4EF2-B236-080C6D5646AB}.Release|Any CPU.Build.0 = Release|Any CPU
	EndGlobalSection
	GlobalSection(SolutionProperties) = preSolution
		HideSolutionNode = FALSE
	EndGlobalSection
	GlobalSection(ExtensibilityGlobals) = postSolution
		SolutionGuid = {46953304-F2A8-41E1-BA24-07FE0D3006A0}
	EndGlobalSection
EndGlobal
